{
  "version": 4,
  "terraform_version": "1.7.5",
  "serial": 55,
  "lineage": "24c5f212-8902-2073-b73b-71bef1479963",
  "outputs": {},
  "resources": [
    {
      "mode": "managed",
      "type": "yandex_compute_instance",
      "name": "vm",
      "provider": "provider[\"registry.terraform.io/yandex-cloud/yandex\"]",
      "instances": [
        {
          "index_key": 0,
          "schema_version": 1,
          "attributes": {
            "allow_recreate": null,
            "allow_stopping_for_update": true,
            "boot_disk": [
              {
                "auto_delete": true,
                "device_name": "fhm233mkci1pmknnaoj7",
                "disk_id": "fhm233mkci1pmknnaoj7",
                "initialize_params": [
                  {
                    "block_size": 4096,
                    "description": "",
                    "image_id": "fd8500i9s68skkdk2pa8",
                    "name": "",
                    "size": 5,
                    "snapshot_id": "",
                    "type": "network-hdd"
                  }
                ],
                "mode": "READ_WRITE"
              }
            ],
            "created_at": "2024-05-07T07:33:45Z",
            "description": "",
            "filesystem": [],
            "folder_id": "b1gfgm8a8510rj0c2s3a",
            "fqdn": "fhmbnjckaoksumdulib9.auto.internal",
            "gpu_cluster_id": "",
            "hostname": "",
            "id": "fhmbnjckaoksumdulib9",
            "labels": null,
            "local_disk": [],
            "maintenance_grace_period": "",
            "maintenance_policy": null,
            "metadata": {
              "user-data": "#cloud-config\r\nusers:\r\n  - name: slava\r\n    groups: sudo\r\n    sudo: ALL=(ALL) NOPASSWD:ALL\r\n    shell: /bin/bash\r\n    ssh_authorized_keys:\r\n      - ssh-rsa AAAAB3NzaC1yc2EAAAADAQABAAABgQCvPx42wlpjxLPn8ekX2u0ozFA8xyHj8Tn8s2ZldcsWmReQuj+b6CidhRjYtzeaoOZgkHKGe0lnwQ+vnUlA1b/3rBNaYxdzCjGtw0fOIZPEcfgHKoCIl113IqwlmtnhDHAnNDxvyyU6pOAMHnDXa4G5h0Oo0CvlEAQP4989d4D9kQhVqu9tMYh8Zn58xRtikoQULj7QdoI99sL57Ljvc5WSNL1s3vk4T9k3b/pSbcSa3IT9TS8kYHNmbGtCX3vXPS9hj32z4yJ4iYiyIel6zkFrkrbgV6z058KxVA7hwGmWJnZODUgZfOrzoIhGH00qezTNBbYO1CclqY9SG0FFuuZ5g47uD/hyJGXsocgSQIDWdhqVkq2drwkkSyQbrT2RLx4oO3IBvffzwEJ8E+hur4gND+cXBEMBL0OyER7QtSIJcU10z0MUrmZvsQSliZdrx+1XSN8nm7fzEJEz81TBIlR7WrOBpVEXkGo65LdySxZOYlbXux3VdK5OTw2vukxktLU= andryushchenko@PTF-WS-507-02-p\r\n"
            },
            "metadata_options": [
              {
                "aws_v1_http_endpoint": 1,
                "aws_v1_http_token": 2,
                "gce_http_endpoint": 1,
                "gce_http_token": 1
              }
            ],
            "name": "vm0",
            "network_acceleration_type": "standard",
            "network_interface": [
              {
                "dns_record": [],
                "index": 0,
                "ip_address": "192.168.10.28",
                "ipv4": true,
                "ipv6": false,
                "ipv6_address": "",
                "ipv6_dns_record": [],
                "mac_address": "d0:0d:bb:cd:94:56",
                "nat": true,
                "nat_dns_record": [],
                "nat_ip_address": "51.250.68.21",
                "nat_ip_version": "IPV4",
                "security_group_ids": [],
                "subnet_id": "e9bqe9fdt27iip5r7gp4"
              }
            ],
            "placement_policy": [
              {
                "host_affinity_rules": [],
                "placement_group_id": "",
                "placement_group_partition": 0
              }
            ],
            "platform_id": "standard-v3",
            "resources": [
              {
                "core_fraction": 100,
                "cores": 2,
                "gpus": 0,
                "memory": 2
              }
            ],
            "scheduling_policy": [
              {
                "preemptible": false
              }
            ],
            "secondary_disk": [],
            "service_account_id": "",
            "status": "running",
            "timeouts": null,
            "zone": "ru-central1-a"
          },
          "sensitive_attributes": [],
          "private": "eyJlMmJmYjczMC1lY2FhLTExZTYtOGY4OC0zNDM2M2JjN2M0YzAiOnsiY3JlYXRlIjozMDAwMDAwMDAwMDAsImRlbGV0ZSI6MzAwMDAwMDAwMDAwLCJ1cGRhdGUiOjMwMDAwMDAwMDAwMH0sInNjaGVtYV92ZXJzaW9uIjoiMSJ9",
          "dependencies": [
            "yandex_vpc_network.network-1",
            "yandex_vpc_subnet.subnet-1"
          ]
        },
        {
          "index_key": 1,
          "schema_version": 1,
          "attributes": {
            "allow_recreate": null,
            "allow_stopping_for_update": true,
            "boot_disk": [
              {
                "auto_delete": true,
                "device_name": "fhmh0b0dpvn08so66uof",
                "disk_id": "fhmh0b0dpvn08so66uof",
                "initialize_params": [
                  {
                    "block_size": 4096,
                    "description": "",
                    "image_id": "fd8500i9s68skkdk2pa8",
                    "name": "",
                    "size": 5,
                    "snapshot_id": "",
                    "type": "network-hdd"
                  }
                ],
                "mode": "READ_WRITE"
              }
            ],
            "created_at": "2024-05-07T07:33:45Z",
            "description": "",
            "filesystem": [],
            "folder_id": "b1gfgm8a8510rj0c2s3a",
            "fqdn": "fhmg1k3v61u0aa48rhd0.auto.internal",
            "gpu_cluster_id": "",
            "hostname": "",
            "id": "fhmg1k3v61u0aa48rhd0",
            "labels": null,
            "local_disk": [],
            "maintenance_grace_period": "",
            "maintenance_policy": null,
            "metadata": {
              "user-data": "#cloud-config\r\nusers:\r\n  - name: slava\r\n    groups: sudo\r\n    sudo: ALL=(ALL) NOPASSWD:ALL\r\n    shell: /bin/bash\r\n    ssh_authorized_keys:\r\n      - ssh-rsa AAAAB3NzaC1yc2EAAAADAQABAAABgQCvPx42wlpjxLPn8ekX2u0ozFA8xyHj8Tn8s2ZldcsWmReQuj+b6CidhRjYtzeaoOZgkHKGe0lnwQ+vnUlA1b/3rBNaYxdzCjGtw0fOIZPEcfgHKoCIl113IqwlmtnhDHAnNDxvyyU6pOAMHnDXa4G5h0Oo0CvlEAQP4989d4D9kQhVqu9tMYh8Zn58xRtikoQULj7QdoI99sL57Ljvc5WSNL1s3vk4T9k3b/pSbcSa3IT9TS8kYHNmbGtCX3vXPS9hj32z4yJ4iYiyIel6zkFrkrbgV6z058KxVA7hwGmWJnZODUgZfOrzoIhGH00qezTNBbYO1CclqY9SG0FFuuZ5g47uD/hyJGXsocgSQIDWdhqVkq2drwkkSyQbrT2RLx4oO3IBvffzwEJ8E+hur4gND+cXBEMBL0OyER7QtSIJcU10z0MUrmZvsQSliZdrx+1XSN8nm7fzEJEz81TBIlR7WrOBpVEXkGo65LdySxZOYlbXux3VdK5OTw2vukxktLU= andryushchenko@PTF-WS-507-02-p\r\n"
            },
            "metadata_options": [
              {
                "aws_v1_http_endpoint": 1,
                "aws_v1_http_token": 2,
                "gce_http_endpoint": 1,
                "gce_http_token": 1
              }
            ],
            "name": "vm1",
            "network_acceleration_type": "standard",
            "network_interface": [
              {
                "dns_record": [],
                "index": 0,
                "ip_address": "192.168.10.12",
                "ipv4": true,
                "ipv6": false,
                "ipv6_address": "",
                "ipv6_dns_record": [],
                "mac_address": "d0:0d:10:0d:07:f3",
                "nat": true,
                "nat_dns_record": [],
                "nat_ip_address": "51.250.1.69",
                "nat_ip_version": "IPV4",
                "security_group_ids": [],
                "subnet_id": "e9bqe9fdt27iip5r7gp4"
              }
            ],
            "placement_policy": [
              {
                "host_affinity_rules": [],
                "placement_group_id": "",
                "placement_group_partition": 0
              }
            ],
            "platform_id": "standard-v3",
            "resources": [
              {
                "core_fraction": 100,
                "cores": 2,
                "gpus": 0,
                "memory": 2
              }
            ],
            "scheduling_policy": [
              {
                "preemptible": false
              }
            ],
            "secondary_disk": [],
            "service_account_id": "",
            "status": "running",
            "timeouts": null,
            "zone": "ru-central1-a"
          },
          "sensitive_attributes": [],
          "private": "eyJlMmJmYjczMC1lY2FhLTExZTYtOGY4OC0zNDM2M2JjN2M0YzAiOnsiY3JlYXRlIjozMDAwMDAwMDAwMDAsImRlbGV0ZSI6MzAwMDAwMDAwMDAwLCJ1cGRhdGUiOjMwMDAwMDAwMDAwMH0sInNjaGVtYV92ZXJzaW9uIjoiMSJ9",
          "dependencies": [
            "yandex_vpc_network.network-1",
            "yandex_vpc_subnet.subnet-1"
          ]
        }
      ]
    },
    {
      "mode": "managed",
      "type": "yandex_lb_network_load_balancer",
      "name": "lb-1",
      "provider": "provider[\"registry.terraform.io/yandex-cloud/yandex\"]",
      "instances": [
        {
          "schema_version": 0,
          "attributes": {
            "attached_target_group": [
              {
                "healthcheck": [
                  {
                    "healthy_threshold": 2,
                    "http_options": [
                      {
                        "path": "/",
                        "port": 80
                      }
                    ],
                    "interval": 2,
                    "name": "http",
                    "tcp_options": [],
                    "timeout": 1,
                    "unhealthy_threshold": 2
                  }
                ],
                "target_group_id": "enp9ma9fi4jrbhr7g5t5"
              }
            ],
            "created_at": "2024-05-07T07:34:30Z",
            "deletion_protection": false,
            "description": "",
            "folder_id": "b1gfgm8a8510rj0c2s3a",
            "id": "enp66lpg3uhh8k93g2eu",
            "labels": null,
            "listener": [
              {
                "external_address_spec": [
                  {
                    "address": "158.160.164.67",
                    "ip_version": "ipv4"
                  }
                ],
                "internal_address_spec": [],
                "name": "my-lb",
                "port": 80,
                "protocol": "tcp",
                "target_port": 80
              }
            ],
            "name": "lb-1",
            "region_id": "ru-central1",
            "timeouts": null,
            "type": "external"
          },
          "sensitive_attributes": [],
          "private": "eyJlMmJmYjczMC1lY2FhLTExZTYtOGY4OC0zNDM2M2JjN2M0YzAiOnsiY3JlYXRlIjozMDAwMDAwMDAwMDAsImRlbGV0ZSI6MzAwMDAwMDAwMDAwLCJ1cGRhdGUiOjMwMDAwMDAwMDAwMH19",
          "dependencies": [
            "yandex_compute_instance.vm",
            "yandex_lb_target_group.dz-1",
            "yandex_vpc_network.network-1",
            "yandex_vpc_subnet.subnet-1"
          ]
        }
      ]
    },
    {
      "mode": "managed",
      "type": "yandex_lb_target_group",
      "name": "dz-1",
      "provider": "provider[\"registry.terraform.io/yandex-cloud/yandex\"]",
      "instances": [
        {
          "schema_version": 0,
          "attributes": {
            "created_at": "2024-05-07T07:34:29Z",
            "description": "",
            "folder_id": "b1gfgm8a8510rj0c2s3a",
            "id": "enp9ma9fi4jrbhr7g5t5",
            "labels": null,
            "name": "dz-1",
            "region_id": "ru-central1",
            "target": [
              {
                "address": "192.168.10.12",
                "subnet_id": "e9bqe9fdt27iip5r7gp4"
              },
              {
                "address": "192.168.10.28",
                "subnet_id": "e9bqe9fdt27iip5r7gp4"
              }
            ],
            "timeouts": null
          },
          "sensitive_attributes": [],
          "private": "eyJlMmJmYjczMC1lY2FhLTExZTYtOGY4OC0zNDM2M2JjN2M0YzAiOnsiY3JlYXRlIjozMDAwMDAwMDAwMDAsImRlbGV0ZSI6MzAwMDAwMDAwMDAwLCJ1cGRhdGUiOjMwMDAwMDAwMDAwMH19",
          "dependencies": [
            "yandex_compute_instance.vm",
            "yandex_vpc_network.network-1",
            "yandex_vpc_subnet.subnet-1"
          ]
        }
      ]
    },
    {
      "mode": "managed",
      "type": "yandex_vpc_network",
      "name": "network-1",
      "provider": "provider[\"registry.terraform.io/yandex-cloud/yandex\"]",
      "instances": [
        {
          "schema_version": 0,
          "attributes": {
            "created_at": "2024-05-07T07:33:42Z",
            "default_security_group_id": "enpo3e82lrjavqhckm6s",
            "description": "",
            "folder_id": "b1gfgm8a8510rj0c2s3a",
            "id": "enp0v8bougehdio7s4vi",
            "labels": {},
            "name": "network1",
            "subnet_ids": [],
            "timeouts": null
          },
          "sensitive_attributes": [],
          "private": "eyJlMmJmYjczMC1lY2FhLTExZTYtOGY4OC0zNDM2M2JjN2M0YzAiOnsiY3JlYXRlIjo2MDAwMDAwMDAwMCwiZGVsZXRlIjo2MDAwMDAwMDAwMCwidXBkYXRlIjo2MDAwMDAwMDAwMH19"
        }
      ]
    },
    {
      "mode": "managed",
      "type": "yandex_vpc_subnet",
      "name": "subnet-1",
      "provider": "provider[\"registry.terraform.io/yandex-cloud/yandex\"]",
      "instances": [
        {
          "schema_version": 0,
          "attributes": {
            "created_at": "2024-05-07T07:33:44Z",
            "description": "",
            "dhcp_options": [],
            "folder_id": "b1gfgm8a8510rj0c2s3a",
            "id": "e9bqe9fdt27iip5r7gp4",
            "labels": {},
            "name": "subnet1",
            "network_id": "enp0v8bougehdio7s4vi",
            "route_table_id": "",
            "timeouts": null,
            "v4_cidr_blocks": [
              "192.168.10.0/24"
            ],
            "v6_cidr_blocks": [],
            "zone": "ru-central1-a"
          },
          "sensitive_attributes": [],
          "private": "eyJlMmJmYjczMC1lY2FhLTExZTYtOGY4OC0zNDM2M2JjN2M0YzAiOnsiY3JlYXRlIjoxODAwMDAwMDAwMDAsImRlbGV0ZSI6MTgwMDAwMDAwMDAwLCJ1cGRhdGUiOjE4MDAwMDAwMDAwMH19",
          "dependencies": [
            "yandex_vpc_network.network-1"
          ]
        }
      ]
    }
  ],
  "check_results": null
}
